
Microsoft Visual Studio Solution File, Format Version 12.00
# Visual Studio Version 17
VisualStudioVersion = 17.2.32526.322
MinimumVisualStudioVersion = 10.0.40219.1
Project("{FAE04EC0-301F-11D3-BF4B-00C04F79EFBC}") = "IK_BV5", "IK_BV5\IK_BV5.csproj", "{CC42F822-FF81-45A9-93C0-8EA231C72714}"
EndProject
Global
	GlobalSection(SolutionConfigurationPlatforms) = preSolution
		Debug|Any CPU = Debug|Any CPU
		Release|Any CPU = Release|Any CPU
	EndGlobalSection
	GlobalSection(ProjectConfigurationPlatforms) = postSolution
		{CC42F822-FF81-45A9-93C0-8EA231C72714}.Debug|Any CPU.ActiveCfg = Debug|Any CPU
		{CC42F822-FF81-45A9-93C0-8EA231C72714}.Debug|Any CPU.Build.0 = Debug|Any CPU
		{CC42F822-FF81-45A9-93C0-8EA231C72714}.Release|Any CPU.ActiveCfg = Release|Any CPU
		{CC42F822-FF81-45A9-93C0-8EA231C72714}.Release|Any CPU.Build.0 = Release|Any CPU
	EndGlobalSection
	GlobalSection(SolutionProperties) = preSolution
		HideSolutionNode = FALSE
	EndGlobalSection
	GlobalSection(ExtensibilityGlobals) = postSolution
		SolutionGuid = {6B3ABD42-8473-4D6F-8D63-00366CAD2459}
	EndGlobalSection
EndGlobal
